
Microsoft Visual Studio Solution File, Format Version 12.00
# Visual Studio Version 17
VisualStudioVersion = 17.3.32708.82
MinimumVisualStudioVersion = 10.0.40219.1
Project("{FAE04EC0-301F-11D3-BF4B-00C04F79EFBC}") = "GAZE", "GAZE\GAZE.csproj", "{5913FB33-67E9-46B3-86D9-5B185C9DD309}"
EndProject
Global
	GlobalSection(SolutionConfigurationPlatforms) = preSolution
		Debug|Any CPU = Debug|Any CPU
		Release|Any CPU = Release|Any CPU
	EndGlobalSection
	GlobalSection(ProjectConfigurationPlatforms) = postSolution
		{5913FB33-67E9-46B3-86D9-5B185C9DD309}.Debug|Any CPU.ActiveCfg = Debug|Any CPU
		{5913FB33-67E9-46B3-86D9-5B185C9DD309}.Debug|Any CPU.Build.0 = Debug|Any CPU
		{5913FB33-67E9-46B3-86D9-5B185C9DD309}.Release|Any CPU.ActiveCfg = Release|Any CPU
		{5913FB33-67E9-46B3-86D9-5B185C9DD309}.Release|Any CPU.Build.0 = Release|Any CPU
	EndGlobalSection
	GlobalSection(SolutionProperties) = preSolution
		HideSolutionNode = FALSE
	EndGlobalSection
	GlobalSection(ExtensibilityGlobals) = postSolution
		SolutionGuid = {F589100D-5717-4D84-9246-C7852F894A14}
	EndGlobalSection
EndGlobal
