
Microsoft Visual Studio Solution File, Format Version 12.00
# Visual Studio Version 17
VisualStudioVersion = 17.3.32708.82
MinimumVisualStudioVersion = 10.0.40219.1
Project("{FAE04EC0-301F-11D3-BF4B-00C04F79EFBC}") = "GAZE", "GAZE\GAZE.csproj", "{5913FB33-67E9-46B3-86D9-5B185C9DD309}"
EndProject
Project("{FAE04EC0-301F-11D3-BF4B-00C04F79EFBC}") = "Gaze.BusinessLogic.Config", "Gaze.BusinessLogic.Config\Gaze.BusinessLogic.Config.csproj", "{0B58BD9C-FCC3-4EA4-9453-334839379D93}"
EndProject
Project("{FAE04EC0-301F-11D3-BF4B-00C04F79EFBC}") = "Gaze.BusinessLogic.Security", "Gaze.BusinessLogic.Security\Gaze.BusinessLogic.Security.csproj", "{73C7DB54-40D2-4E7E-B198-0B33FE341152}"
EndProject
Project("{FAE04EC0-301F-11D3-BF4B-00C04F79EFBC}") = "Gaze.BusinessLogic.SQLManagement", "Gaze.BusinessLogic.SQLManagement\Gaze.BusinessLogic.SQLManagement.csproj", "{652C3E19-E25A-4B29-85E6-185BDF63FB1A}"
EndProject
Project("{FAE04EC0-301F-11D3-BF4B-00C04F79EFBC}") = "Gaze.BusinessLogic.Startup", "Gaze.BusinessLogic.Startup\Gaze.BusinessLogic.Startup.csproj", "{554C89C5-535D-4A93-97B4-CDBD6CF37C10}"
EndProject
Project("{FAE04EC0-301F-11D3-BF4B-00C04F79EFBC}") = "Gaze.BusinessLogic.Exceptions", "Gaze.BusinessLogic.Exceptions\Gaze.BusinessLogic.Exceptions.csproj", "{C19908C8-7CB6-4888-9FB7-354076BB9ACB}"
EndProject
Project("{FAE04EC0-301F-11D3-BF4B-00C04F79EFBC}") = "Gaze.BusinessLogic.PolicyManagement", "Gaze.BusinessLogic.PolicyManagement\Gaze.BusinessLogic.PolicyManagement.csproj", "{D5BBF744-D3F1-4705-9ADE-261D35FB37D6}"
EndProject
Project("{FAE04EC0-301F-11D3-BF4B-00C04F79EFBC}") = "Gaze.BusinessLogic.BillingManagement", "Gaze.BusinessLogic.BillingManagement\Gaze.BusinessLogic.BillingManagement.csproj", "{AA3D02B7-93DA-40C6-971C-0B646AFED045}"
EndProject
Project("{FAE04EC0-301F-11D3-BF4B-00C04F79EFBC}") = "Gaze.BusinessLogic.CustomerManagement", "Gaze.BusinessLogic.CustomerManagement\Gaze.BusinessLogic.CustomerManagement.csproj", "{268061CC-DF54-405B-8107-C6FEF2C854B2}"
EndProject
Project("{FAE04EC0-301F-11D3-BF4B-00C04F79EFBC}") = "Gaze.BusinessLogic.DocumentManagement", "GAZE.BusinessLogic.DocumentManagement\Gaze.BusinessLogic.DocumentManagement.csproj", "{922CB168-7789-46FD-B400-A9DADB89E4A8}"
EndProject
Project("{FAE04EC0-301F-11D3-BF4B-00C04F79EFBC}") = "Gaze.BusinessLogic.TaskManagement", "Gaze.BusinessLogic.TaskManagement\Gaze.BusinessLogic.TaskManagement.csproj", "{AEB56AAE-3E66-4589-9C9B-A3F26D8C924A}"
EndProject
Project("{FAE04EC0-301F-11D3-BF4B-00C04F79EFBC}") = "Gaze.Security.Management", "Gaze.Security.Management\Gaze.Security.Management.csproj", "{1EB5A5B8-5110-4433-98BA-B45FBAC2FD5E}"
EndProject
Global
	GlobalSection(SolutionConfigurationPlatforms) = preSolution
		Debug|Any CPU = Debug|Any CPU
		Release|Any CPU = Release|Any CPU
	EndGlobalSection
	GlobalSection(ProjectConfigurationPlatforms) = postSolution
		{5913FB33-67E9-46B3-86D9-5B185C9DD309}.Debug|Any CPU.ActiveCfg = Debug|Any CPU
		{5913FB33-67E9-46B3-86D9-5B185C9DD309}.Debug|Any CPU.Build.0 = Debug|Any CPU
		{5913FB33-67E9-46B3-86D9-5B185C9DD309}.Release|Any CPU.ActiveCfg = Release|Any CPU
		{5913FB33-67E9-46B3-86D9-5B185C9DD309}.Release|Any CPU.Build.0 = Release|Any CPU
		{0B58BD9C-FCC3-4EA4-9453-334839379D93}.Debug|Any CPU.ActiveCfg = Debug|Any CPU
		{0B58BD9C-FCC3-4EA4-9453-334839379D93}.Debug|Any CPU.Build.0 = Debug|Any CPU
		{0B58BD9C-FCC3-4EA4-9453-334839379D93}.Release|Any CPU.ActiveCfg = Release|Any CPU
		{0B58BD9C-FCC3-4EA4-9453-334839379D93}.Release|Any CPU.Build.0 = Release|Any CPU
		{73C7DB54-40D2-4E7E-B198-0B33FE341152}.Debug|Any CPU.ActiveCfg = Debug|Any CPU
		{73C7DB54-40D2-4E7E-B198-0B33FE341152}.Debug|Any CPU.Build.0 = Debug|Any CPU
		{73C7DB54-40D2-4E7E-B198-0B33FE341152}.Release|Any CPU.ActiveCfg = Release|Any CPU
		{73C7DB54-40D2-4E7E-B198-0B33FE341152}.Release|Any CPU.Build.0 = Release|Any CPU
		{652C3E19-E25A-4B29-85E6-185BDF63FB1A}.Debug|Any CPU.ActiveCfg = Debug|Any CPU
		{652C3E19-E25A-4B29-85E6-185BDF63FB1A}.Debug|Any CPU.Build.0 = Debug|Any CPU
		{652C3E19-E25A-4B29-85E6-185BDF63FB1A}.Release|Any CPU.ActiveCfg = Release|Any CPU
		{652C3E19-E25A-4B29-85E6-185BDF63FB1A}.Release|Any CPU.Build.0 = Release|Any CPU
		{554C89C5-535D-4A93-97B4-CDBD6CF37C10}.Debug|Any CPU.ActiveCfg = Debug|Any CPU
		{554C89C5-535D-4A93-97B4-CDBD6CF37C10}.Debug|Any CPU.Build.0 = Debug|Any CPU
		{554C89C5-535D-4A93-97B4-CDBD6CF37C10}.Release|Any CPU.ActiveCfg = Release|Any CPU
		{554C89C5-535D-4A93-97B4-CDBD6CF37C10}.Release|Any CPU.Build.0 = Release|Any CPU
		{C19908C8-7CB6-4888-9FB7-354076BB9ACB}.Debug|Any CPU.ActiveCfg = Debug|Any CPU
		{C19908C8-7CB6-4888-9FB7-354076BB9ACB}.Debug|Any CPU.Build.0 = Debug|Any CPU
		{C19908C8-7CB6-4888-9FB7-354076BB9ACB}.Release|Any CPU.ActiveCfg = Release|Any CPU
		{C19908C8-7CB6-4888-9FB7-354076BB9ACB}.Release|Any CPU.Build.0 = Release|Any CPU
		{D5BBF744-D3F1-4705-9ADE-261D35FB37D6}.Debug|Any CPU.ActiveCfg = Debug|Any CPU
		{D5BBF744-D3F1-4705-9ADE-261D35FB37D6}.Debug|Any CPU.Build.0 = Debug|Any CPU
		{D5BBF744-D3F1-4705-9ADE-261D35FB37D6}.Release|Any CPU.ActiveCfg = Release|Any CPU
		{D5BBF744-D3F1-4705-9ADE-261D35FB37D6}.Release|Any CPU.Build.0 = Release|Any CPU
		{AA3D02B7-93DA-40C6-971C-0B646AFED045}.Debug|Any CPU.ActiveCfg = Debug|Any CPU
		{AA3D02B7-93DA-40C6-971C-0B646AFED045}.Debug|Any CPU.Build.0 = Debug|Any CPU
		{AA3D02B7-93DA-40C6-971C-0B646AFED045}.Release|Any CPU.ActiveCfg = Release|Any CPU
		{AA3D02B7-93DA-40C6-971C-0B646AFED045}.Release|Any CPU.Build.0 = Release|Any CPU
		{268061CC-DF54-405B-8107-C6FEF2C854B2}.Debug|Any CPU.ActiveCfg = Debug|Any CPU
		{268061CC-DF54-405B-8107-C6FEF2C854B2}.Debug|Any CPU.Build.0 = Debug|Any CPU
		{268061CC-DF54-405B-8107-C6FEF2C854B2}.Release|Any CPU.ActiveCfg = Release|Any CPU
		{268061CC-DF54-405B-8107-C6FEF2C854B2}.Release|Any CPU.Build.0 = Release|Any CPU
		{922CB168-7789-46FD-B400-A9DADB89E4A8}.Debug|Any CPU.ActiveCfg = Debug|Any CPU
		{922CB168-7789-46FD-B400-A9DADB89E4A8}.Debug|Any CPU.Build.0 = Debug|Any CPU
		{922CB168-7789-46FD-B400-A9DADB89E4A8}.Release|Any CPU.ActiveCfg = Release|Any CPU
		{922CB168-7789-46FD-B400-A9DADB89E4A8}.Release|Any CPU.Build.0 = Release|Any CPU
		{AEB56AAE-3E66-4589-9C9B-A3F26D8C924A}.Debug|Any CPU.ActiveCfg = Debug|Any CPU
		{AEB56AAE-3E66-4589-9C9B-A3F26D8C924A}.Debug|Any CPU.Build.0 = Debug|Any CPU
		{AEB56AAE-3E66-4589-9C9B-A3F26D8C924A}.Release|Any CPU.ActiveCfg = Release|Any CPU
		{AEB56AAE-3E66-4589-9C9B-A3F26D8C924A}.Release|Any CPU.Build.0 = Release|Any CPU
		{1EB5A5B8-5110-4433-98BA-B45FBAC2FD5E}.Debug|Any CPU.ActiveCfg = Debug|Any CPU
		{1EB5A5B8-5110-4433-98BA-B45FBAC2FD5E}.Debug|Any CPU.Build.0 = Debug|Any CPU
		{1EB5A5B8-5110-4433-98BA-B45FBAC2FD5E}.Release|Any CPU.ActiveCfg = Release|Any CPU
		{1EB5A5B8-5110-4433-98BA-B45FBAC2FD5E}.Release|Any CPU.Build.0 = Release|Any CPU
	EndGlobalSection
	GlobalSection(SolutionProperties) = preSolution
		HideSolutionNode = FALSE
	EndGlobalSection
	GlobalSection(ExtensibilityGlobals) = postSolution
		SolutionGuid = {F589100D-5717-4D84-9246-C7852F894A14}
	EndGlobalSection
EndGlobal
